// !$*UTF8*$!
{
	archiveVersion = 1;
	classes = {
	};
	objectVersion = 46;
	objects = {

/* Begin PBXBuildFile section */
		0A28C86D1D8228A800F4E087 /* AppDelegate.swift in Sources */ = {isa = PBXBuildFile; fileRef = 0A28C86C1D8228A800F4E087 /* AppDelegate.swift */; };
		0A28C86F1D8228A800F4E087 /* MasterViewController.swift in Sources */ = {isa = PBXBuildFile; fileRef = 0A28C86E1D8228A800F4E087 /* MasterViewController.swift */; };
		0A28C8711D8228A800F4E087 /* DetailViewController.swift in Sources */ = {isa = PBXBuildFile; fileRef = 0A28C8701D8228A800F4E087 /* DetailViewController.swift */; };
		0A28C8741D8228A800F4E087 /* Main.storyboard in Resources */ = {isa = PBXBuildFile; fileRef = 0A28C8721D8228A800F4E087 /* Main.storyboard */; };
		0A28C8761D8228A800F4E087 /* Assets.xcassets in Resources */ = {isa = PBXBuildFile; fileRef = 0A28C8751D8228A800F4E087 /* Assets.xcassets */; };
		0A28C8791D8228A800F4E087 /* LaunchScreen.storyboard in Resources */ = {isa = PBXBuildFile; fileRef = 0A28C8771D8228A800F4E087 /* LaunchScreen.storyboard */; };
		0A28C8841D8228A900F4E087 /* caesar_cipherTests.swift in Sources */ = {isa = PBXBuildFile; fileRef = 0A28C8831D8228A900F4E087 /* caesar_cipherTests.swift */; };
		0A28C88F1D8228A900F4E087 /* caesar_cipherUITests.swift in Sources */ = {isa = PBXBuildFile; fileRef = 0A28C88E1D8228A900F4E087 /* caesar_cipherUITests.swift */; };
/* End PBXBuildFile section */

/* Begin PBXContainerItemProxy section */
		0A28C8801D8228A900F4E087 /* PBXContainerItemProxy */ = {
			isa = PBXContainerItemProxy;
			containerPortal = 0A28C8611D8228A800F4E087 /* Project object */;
			proxyType = 1;
			remoteGlobalIDString = 0A28C8681D8228A800F4E087;
			remoteInfo = "caesar-cipher";
		};
		0A28C88B1D8228A900F4E087 /* PBXContainerItemProxy */ = {
			isa = PBXContainerItemProxy;
			containerPortal = 0A28C8611D8228A800F4E087 /* Project object */;
			proxyType = 1;
			remoteGlobalIDString = 0A28C8681D8228A800F4E087;
			remoteInfo = "caesar-cipher";
		};
/* End PBXContainerItemProxy section */

/* Begin PBXFileReference section */
		0A28C8691D8228A800F4E087 /* caesar-cipher.app */ = {isa = PBXFileReference; explicitFileType = wrapper.application; includeInIndex = 0; path = "caesar-cipher.app"; sourceTree = BUILT_PRODUCTS_DIR; };
		0A28C86C1D8228A800F4E087 /* AppDelegate.swift */ = {isa = PBXFileReference; lastKnownFileType = sourcecode.swift; path = AppDelegate.swift; sourceTree = "<group>"; };
		0A28C86E1D8228A800F4E087 /* MasterViewController.swift */ = {isa = PBXFileReference; lastKnownFileType = sourcecode.swift; path = MasterViewController.swift; sourceTree = "<group>"; };
		0A28C8701D8228A800F4E087 /* DetailViewController.swift */ = {isa = PBXFileReference; lastKnownFileType = sourcecode.swift; path = DetailViewController.swift; sourceTree = "<group>"; };
		0A28C8731D8228A800F4E087 /* Base */ = {isa = PBXFileReference; lastKnownFileType = file.storyboard; name = Base; path = Base.lproj/Main.storyboard; sourceTree = "<group>"; };
		0A28C8751D8228A800F4E087 /* Assets.xcassets */ = {isa = PBXFileReference; lastKnownFileType = folder.assetcatalog; path = Assets.xcassets; sourceTree = "<group>"; };
		0A28C8781D8228A800F4E087 /* Base */ = {isa = PBXFileReference; lastKnownFileType = file.storyboard; name = Base; path = Base.lproj/LaunchScreen.storyboard; sourceTree = "<group>"; };
		0A28C87A1D8228A800F4E087 /* Info.plist */ = {isa = PBXFileReference; lastKnownFileType = text.plist.xml; path = Info.plist; sourceTree = "<group>"; };
		0A28C87F1D8228A900F4E087 /* caesar-cipherTests.xctest */ = {isa = PBXFileReference; explicitFileType = wrapper.cfbundle; includeInIndex = 0; path = "caesar-cipherTests.xctest"; sourceTree = BUILT_PRODUCTS_DIR; };
		0A28C8831D8228A900F4E087 /* caesar_cipherTests.swift */ = {isa = PBXFileReference; lastKnownFileType = sourcecode.swift; path = caesar_cipherTests.swift; sourceTree = "<group>"; };
		0A28C8851D8228A900F4E087 /* Info.plist */ = {isa = PBXFileReference; lastKnownFileType = text.plist.xml; path = Info.plist; sourceTree = "<group>"; };
		0A28C88A1D8228A900F4E087 /* caesar-cipherUITests.xctest */ = {isa = PBXFileReference; explicitFileType = wrapper.cfbundle; includeInIndex = 0; path = "caesar-cipherUITests.xctest"; sourceTree = BUILT_PRODUCTS_DIR; };
		0A28C88E1D8228A900F4E087 /* caesar_cipherUITests.swift */ = {isa = PBXFileReference; lastKnownFileType = sourcecode.swift; path = caesar_cipherUITests.swift; sourceTree = "<group>"; };
		0A28C8901D8228A900F4E087 /* Info.plist */ = {isa = PBXFileReference; lastKnownFileType = text.plist.xml; path = Info.plist; sourceTree = "<group>"; };
/* End PBXFileReference section */

/* Begin PBXFrameworksBuildPhase section */
		0A28C8661D8228A800F4E087 /* Frameworks */ = {
			isa = PBXFrameworksBuildPhase;
			buildActionMask = 2147483647;
			files = (
			);
			runOnlyForDeploymentPostprocessing = 0;
		};
		0A28C87C1D8228A900F4E087 /* Frameworks */ = {
			isa = PBXFrameworksBuildPhase;
			buildActionMask = 2147483647;
			files = (
			);
			runOnlyForDeploymentPostprocessing = 0;
		};
		0A28C8871D8228A900F4E087 /* Frameworks */ = {
			isa = PBXFrameworksBuildPhase;
			buildActionMask = 2147483647;
			files = (
			);
			runOnlyForDeploymentPostprocessing = 0;
		};
/* End PBXFrameworksBuildPhase section */

/* Begin PBXGroup section */
		0A28C8601D8228A800F4E087 = {
			isa = PBXGroup;
			children = (
				0A28C86B1D8228A800F4E087 /* caesar-cipher */,
				0A28C8821D8228A900F4E087 /* caesar-cipherTests */,
				0A28C88D1D8228A900F4E087 /* caesar-cipherUITests */,
				0A28C86A1D8228A800F4E087 /* Products */,
			);
			sourceTree = "<group>";
		};
		0A28C86A1D8228A800F4E087 /* Products */ = {
			isa = PBXGroup;
			children = (
				0A28C8691D8228A800F4E087 /* caesar-cipher.app */,
				0A28C87F1D8228A900F4E087 /* caesar-cipherTests.xctest */,
				0A28C88A1D8228A900F4E087 /* caesar-cipherUITests.xctest */,
			);
			name = Products;
			sourceTree = "<group>";
		};
		0A28C86B1D8228A800F4E087 /* caesar-cipher */ = {
			isa = PBXGroup;
			children = (
				0A28C86C1D8228A800F4E087 /* AppDelegate.swift */,
				0A28C86E1D8228A800F4E087 /* MasterViewController.swift */,
				0A28C8701D8228A800F4E087 /* DetailViewController.swift */,
				0A28C8721D8228A800F4E087 /* Main.storyboard */,
				0A28C8751D8228A800F4E087 /* Assets.xcassets */,
				0A28C8771D8228A800F4E087 /* LaunchScreen.storyboard */,
				0A28C87A1D8228A800F4E087 /* Info.plist */,
			);
			path = "caesar-cipher";
			sourceTree = "<group>";
		};
		0A28C8821D8228A900F4E087 /* caesar-cipherTests */ = {
			isa = PBXGroup;
			children = (
				0A28C8831D8228A900F4E087 /* caesar_cipherTests.swift */,
				0A28C8851D8228A900F4E087 /* Info.plist */,
			);
			path = "caesar-cipherTests";
			sourceTree = "<group>";
		};
		0A28C88D1D8228A900F4E087 /* caesar-cipherUITests */ = {
			isa = PBXGroup;
			children = (
				0A28C88E1D8228A900F4E087 /* caesar_cipherUITests.swift */,
				0A28C8901D8228A900F4E087 /* Info.plist */,
			);
			path = "caesar-cipherUITests";
			sourceTree = "<group>";
		};
/* End PBXGroup section */

/* Begin PBXNativeTarget section */
		0A28C8681D8228A800F4E087 /* caesar-cipher */ = {
			isa = PBXNativeTarget;
			buildConfigurationList = 0A28C8931D8228A900F4E087 /* Build configuration list for PBXNativeTarget "caesar-cipher" */;
			buildPhases = (
				0A28C8651D8228A800F4E087 /* Sources */,
				0A28C8661D8228A800F4E087 /* Frameworks */,
				0A28C8671D8228A800F4E087 /* Resources */,
			);
			buildRules = (
			);
			dependencies = (
			);
			name = "caesar-cipher";
			productName = "caesar-cipher";
			productReference = 0A28C8691D8228A800F4E087 /* caesar-cipher.app */;
			productType = "com.apple.product-type.application";
		};
		0A28C87E1D8228A900F4E087 /* caesar-cipherTests */ = {
			isa = PBXNativeTarget;
			buildConfigurationList = 0A28C8961D8228A900F4E087 /* Build configuration list for PBXNativeTarget "caesar-cipherTests" */;
			buildPhases = (
				0A28C87B1D8228A900F4E087 /* Sources */,
				0A28C87C1D8228A900F4E087 /* Frameworks */,
				0A28C87D1D8228A900F4E087 /* Resources */,
			);
			buildRules = (
			);
			dependencies = (
				0A28C8811D8228A900F4E087 /* PBXTargetDependency */,
			);
			name = "caesar-cipherTests";
			productName = "caesar-cipherTests";
			productReference = 0A28C87F1D8228A900F4E087 /* caesar-cipherTests.xctest */;
			productType = "com.apple.product-type.bundle.unit-test";
		};
		0A28C8891D8228A900F4E087 /* caesar-cipherUITests */ = {
			isa = PBXNativeTarget;
			buildConfigurationList = 0A28C8991D8228A900F4E087 /* Build configuration list for PBXNativeTarget "caesar-cipherUITests" */;
			buildPhases = (
				0A28C8861D8228A900F4E087 /* Sources */,
				0A28C8871D8228A900F4E087 /* Frameworks */,
				0A28C8881D8228A900F4E087 /* Resources */,
			);
			buildRules = (
			);
			dependencies = (
				0A28C88C1D8228A900F4E087 /* PBXTargetDependency */,
			);
			name = "caesar-cipherUITests";
			productName = "caesar-cipherUITests";
			productReference = 0A28C88A1D8228A900F4E087 /* caesar-cipherUITests.xctest */;
			productType = "com.apple.product-type.bundle.ui-testing";
		};
/* End PBXNativeTarget section */

/* Begin PBXProject section */
		0A28C8611D8228A800F4E087 /* Project object */ = {
			isa = PBXProject;
			attributes = {
				LastSwiftUpdateCheck = 0730;
				LastUpgradeCheck = 0730;
				ORGANIZATIONNAME = "Kevin Bi";
				TargetAttributes = {
					0A28C8681D8228A800F4E087 = {
						CreatedOnToolsVersion = 7.3.1;
					};
					0A28C87E1D8228A900F4E087 = {
						CreatedOnToolsVersion = 7.3.1;
						TestTargetID = 0A28C8681D8228A800F4E087;
					};
					0A28C8891D8228A900F4E087 = {
						CreatedOnToolsVersion = 7.3.1;
						TestTargetID = 0A28C8681D8228A800F4E087;
					};
				};
			};
			buildConfigurationList = 0A28C8641D8228A800F4E087 /* Build configuration list for PBXProject "caesar-cipher" */;
			compatibilityVersion = "Xcode 3.2";
			developmentRegion = English;
			hasScannedForEncodings = 0;
			knownRegions = (
				en,
				Base,
			);
			mainGroup = 0A28C8601D8228A800F4E087;
			productRefGroup = 0A28C86A1D8228A800F4E087 /* Products */;
			projectDirPath = "";
			projectRoot = "";
			targets = (
				0A28C8681D8228A800F4E087 /* caesar-cipher */,
				0A28C87E1D8228A900F4E087 /* caesar-cipherTests */,
				0A28C8891D8228A900F4E087 /* caesar-cipherUITests */,
			);
		};
/* End PBXProject section */

/* Begin PBXResourcesBuildPhase section */
		0A28C8671D8228A800F4E087 /* Resources */ = {
			isa = PBXResourcesBuildPhase;
			buildActionMask = 2147483647;
			files = (
				0A28C8791D8228A800F4E087 /* LaunchScreen.storyboard in Resources */,
				0A28C8761D8228A800F4E087 /* Assets.xcassets in Resources */,
				0A28C8741D8228A800F4E087 /* Main.storyboard in Resources */,
			);
			runOnlyForDeploymentPostprocessing = 0;
		};
		0A28C87D1D8228A900F4E087 /* Resources */ = {
			isa = PBXResourcesBuildPhase;
			buildActionMask = 2147483647;
			files = (
			);
			runOnlyForDeploymentPostprocessing = 0;
		};
		0A28C8881D8228A900F4E087 /* Resources */ = {
			isa = PBXResourcesBuildPhase;
			buildActionMask = 2147483647;
			files = (
			);
			runOnlyForDeploymentPostprocessing = 0;
		};
/* End PBXResourcesBuildPhase section */

/* Begin PBXSourcesBuildPhase section */
		0A28C8651D8228A800F4E087 /* Sources */ = {
			isa = PBXSourcesBuildPhase;
			buildActionMask = 2147483647;
			files = (
				0A28C8711D8228A800F4E087 /* DetailViewController.swift in Sources */,
				0A28C86F1D8228A800F4E087 /* MasterViewController.swift in Sources */,
				0A28C86D1D8228A800F4E087 /* AppDelegate.swift in Sources */,
			);
			runOnlyForDeploymentPostprocessing = 0;
		};
		0A28C87B1D8228A900F4E087 /* Sources */ = {
			isa = PBXSourcesBuildPhase;
			buildActionMask = 2147483647;
			files = (
				0A28C8841D8228A900F4E087 /* caesar_cipherTests.swift in Sources */,
			);
			runOnlyForDeploymentPostprocessing = 0;
		};
		0A28C8861D8228A900F4E087 /* Sources */ = {
			isa = PBXSourcesBuildPhase;
			buildActionMask = 2147483647;
			files = (
				0A28C88F1D8228A900F4E087 /* caesar_cipherUITests.swift in Sources */,
			);
			runOnlyForDeploymentPostprocessing = 0;
		};
/* End PBXSourcesBuildPhase section */

/* Begin PBXTargetDependency section */
		0A28C8811D8228A900F4E087 /* PBXTargetDependency */ = {
			isa = PBXTargetDependency;
			target = 0A28C8681D8228A800F4E087 /* caesar-cipher */;
			targetProxy = 0A28C8801D8228A900F4E087 /* PBXContainerItemProxy */;
		};
		0A28C88C1D8228A900F4E087 /* PBXTargetDependency */ = {
			isa = PBXTargetDependency;
			target = 0A28C8681D8228A800F4E087 /* caesar-cipher */;
			targetProxy = 0A28C88B1D8228A900F4E087 /* PBXContainerItemProxy */;
		};
/* End PBXTargetDependency section */

/* Begin PBXVariantGroup section */
		0A28C8721D8228A800F4E087 /* Main.storyboard */ = {
			isa = PBXVariantGroup;
			children = (
				0A28C8731D8228A800F4E087 /* Base */,
			);
			name = Main.storyboard;
			sourceTree = "<group>";
		};
		0A28C8771D8228A800F4E087 /* LaunchScreen.storyboard */ = {
			isa = PBXVariantGroup;
			children = (
				0A28C8781D8228A800F4E087 /* Base */,
			);
			name = LaunchScreen.storyboard;
			sourceTree = "<group>";
		};
/* End PBXVariantGroup section */

/* Begin XCBuildConfiguration section */
		0A28C8911D8228A900F4E087 /* Debug */ = {
			isa = XCBuildConfiguration;
			buildSettings = {
				ALWAYS_SEARCH_USER_PATHS = NO;
				CLANG_ANALYZER_NONNULL = YES;
				CLANG_CXX_LANGUAGE_STANDARD = "gnu++0x";
				CLANG_CXX_LIBRARY = "libc++";
				CLANG_ENABLE_MODULES = YES;
				CLANG_ENABLE_OBJC_ARC = YES;
				CLANG_WARN_BOOL_CONVERSION = YES;
				CLANG_WARN_CONSTANT_CONVERSION = YES;
				CLANG_WARN_DIRECT_OBJC_ISA_USAGE = YES_ERROR;
				CLANG_WARN_EMPTY_BODY = YES;
				CLANG_WARN_ENUM_CONVERSION = YES;
				CLANG_WARN_INT_CONVERSION = YES;
				CLANG_WARN_OBJC_ROOT_CLASS = YES_ERROR;
				CLANG_WARN_UNREACHABLE_CODE = YES;
				CLANG_WARN__DUPLICATE_METHOD_MATCH = YES;
				"CODE_SIGN_IDENTITY[sdk=iphoneos*]" = "iPhone Developer";
				COPY_PHASE_STRIP = NO;
				DEBUG_INFORMATION_FORMAT = dwarf;
				ENABLE_STRICT_OBJC_MSGSEND = YES;
				ENABLE_TESTABILITY = YES;
				GCC_C_LANGUAGE_STANDARD = gnu99;
				GCC_DYNAMIC_NO_PIC = NO;
				GCC_NO_COMMON_BLOCKS = YES;
				GCC_OPTIMIZATION_LEVEL = 0;
				GCC_PREPROCESSOR_DEFINITIONS = (
					"DEBUG=1",
					"$(inherited)",
				);
				GCC_WARN_64_TO_32_BIT_CONVERSION = YES;
				GCC_WARN_ABOUT_RETURN_TYPE = YES_ERROR;
				GCC_WARN_UNDECLARED_SELECTOR = YES;
				GCC_WARN_UNINITIALIZED_AUTOS = YES_AGGRESSIVE;
				GCC_WARN_UNUSED_FUNCTION = YES;
				GCC_WARN_UNUSED_VARIABLE = YES;
				IPHONEOS_DEPLOYMENT_TARGET = 9.3;
				MTL_ENABLE_DEBUG_INFO = YES;
				ONLY_ACTIVE_ARCH = YES;
				SDKROOT = iphoneos;
				SWIFT_OPTIMIZATION_LEVEL = "-Onone";
				TARGETED_DEVICE_FAMILY = "1,2";
			};
			name = Debug;
		};
		0A28C8921D8228A900F4E087 /* Release */ = {
			isa = XCBuildConfiguration;
			buildSettings = {
				ALWAYS_SEARCH_USER_PATHS = NO;
				CLANG_ANALYZER_NONNULL = YES;
				CLANG_CXX_LANGUAGE_STANDARD = "gnu++0x";
				CLANG_CXX_LIBRARY = "libc++";
				CLANG_ENABLE_MODULES = YES;
				CLANG_ENABLE_OBJC_ARC = YES;
				CLANG_WARN_BOOL_CONVERSION = YES;
				CLANG_WARN_CONSTANT_CONVERSION = YES;
				CLANG_WARN_DIRECT_OBJC_ISA_USAGE = YES_ERROR;
				CLANG_WARN_EMPTY_BODY = YES;
				CLANG_WARN_ENUM_CONVERSION = YES;
				CLANG_WARN_INT_CONVERSION = YES;
				CLANG_WARN_OBJC_ROOT_CLASS = YES_ERROR;
				CLANG_WARN_UNREACHABLE_CODE = YES;
				CLANG_WARN__DUPLICATE_METHOD_MATCH = YES;
				"CODE_SIGN_IDENTITY[sdk=iphoneos*]" = "iPhone Developer";
				COPY_PHASE_STRIP = NO;
				DEBUG_INFORMATION_FORMAT = "dwarf-with-dsym";
				ENABLE_NS_ASSERTIONS = NO;
				ENABLE_STRICT_OBJC_MSGSEND = YES;
				GCC_C_LANGUAGE_STANDARD = gnu99;
				GCC_NO_COMMON_BLOCKS = YES;
				GCC_WARN_64_TO_32_BIT_CONVERSION = YES;
				GCC_WARN_ABOUT_RETURN_TYPE = YES_ERROR;
				GCC_WARN_UNDECLARED_SELECTOR = YES;
				GCC_WARN_UNINITIALIZED_AUTOS = YES_AGGRESSIVE;
				GCC_WARN_UNUSED_FUNCTION = YES;
				GCC_WARN_UNUSED_VARIABLE = YES;
				IPHONEOS_DEPLOYMENT_TARGET = 9.3;
				MTL_ENABLE_DEBUG_INFO = NO;
				SDKROOT = iphoneos;
				TARGETED_DEVICE_FAMILY = "1,2";
				VALIDATE_PRODUCT = YES;
			};
			name = Release;
		};
		0A28C8941D8228A900F4E087 /* Debug */ = {
			isa = XCBuildConfiguration;
			buildSettings = {
				ASSETCATALOG_COMPILER_APPICON_NAME = AppIcon;
				INFOPLIST_FILE = "caesar-cipher/Info.plist";
				LD_RUNPATH_SEARCH_PATHS = "$(inherited) @executable_path/Frameworks";
				PRODUCT_BUNDLE_IDENTIFIER = "com.kevinbi.caesar-cipher";
				PRODUCT_NAME = "$(TARGET_NAME)";
			};
			name = Debug;
		};
		0A28C8951D8228A900F4E087 /* Release */ = {
			isa = XCBuildConfiguration;
			buildSettings = {
				ASSETCATALOG_COMPILER_APPICON_NAME = AppIcon;
				INFOPLIST_FILE = "caesar-cipher/Info.plist";
				LD_RUNPATH_SEARCH_PATHS = "$(inherited) @executable_path/Frameworks";
				PRODUCT_BUNDLE_IDENTIFIER = "com.kevinbi.caesar-cipher";
				PRODUCT_NAME = "$(TARGET_NAME)";
			};
			name = Release;
		};
		0A28C8971D8228A900F4E087 /* Debug */ = {
			isa = XCBuildConfiguration;
			buildSettings = {
				BUNDLE_LOADER = "$(TEST_HOST)";
				INFOPLIST_FILE = "caesar-cipherTests/Info.plist";
				LD_RUNPATH_SEARCH_PATHS = "$(inherited) @executable_path/Frameworks @loader_path/Frameworks";
				PRODUCT_BUNDLE_IDENTIFIER = "com.kevinbi.caesar-cipherTests";
				PRODUCT_NAME = "$(TARGET_NAME)";
				TEST_HOST = "$(BUILT_PRODUCTS_DIR)/caesar-cipher.app/caesar-cipher";
			};
			name = Debug;
		};
		0A28C8981D8228A900F4E087 /* Release */ = {
			isa = XCBuildConfiguration;
			buildSettings = {
				BUNDLE_LOADER = "$(TEST_HOST)";
				INFOPLIST_FILE = "caesar-cipherTests/Info.plist";
				LD_RUNPATH_SEARCH_PATHS = "$(inherited) @executable_path/Frameworks @loader_path/Frameworks";
				PRODUCT_BUNDLE_IDENTIFIER = "com.kevinbi.caesar-cipherTests";
				PRODUCT_NAME = "$(TARGET_NAME)";
				TEST_HOST = "$(BUILT_PRODUCTS_DIR)/caesar-cipher.app/caesar-cipher";
			};
			name = Release;
		};
		0A28C89A1D8228A900F4E087 /* Debug */ = {
			isa = XCBuildConfiguration;
			buildSettings = {
				INFOPLIST_FILE = "caesar-cipherUITests/Info.plist";
				LD_RUNPATH_SEARCH_PATHS = "$(inherited) @executable_path/Frameworks @loader_path/Frameworks";
				PRODUCT_BUNDLE_IDENTIFIER = "com.kevinbi.caesar-cipherUITests";
				PRODUCT_NAME = "$(TARGET_NAME)";
				TEST_TARGET_NAME = "caesar-cipher";
			};
			name = Debug;
		};
		0A28C89B1D8228A900F4E087 /* Release */ = {
			isa = XCBuildConfiguration;
			buildSettings = {
				INFOPLIST_FILE = "caesar-cipherUITests/Info.plist";
				LD_RUNPATH_SEARCH_PATHS = "$(inherited) @executable_path/Frameworks @loader_path/Frameworks";
				PRODUCT_BUNDLE_IDENTIFIER = "com.kevinbi.caesar-cipherUITests";
				PRODUCT_NAME = "$(TARGET_NAME)";
				TEST_TARGET_NAME = "caesar-cipher";
			};
			name = Release;
		};
/* End XCBuildConfiguration section */

/* Begin XCConfigurationList section */
		0A28C8641D8228A800F4E087 /* Build configuration list for PBXProject "caesar-cipher" */ = {
			isa = XCConfigurationList;
			buildConfigurations = (
				0A28C8911D8228A900F4E087 /* Debug */,
				0A28C8921D8228A900F4E087 /* Release */,
			);
			defaultConfigurationIsVisible = 0;
			defaultConfigurationName = Release;
		};
		0A28C8931D8228A900F4E087 /* Build configuration list for PBXNativeTarget "caesar-cipher" */ = {
			isa = XCConfigurationList;
			buildConfigurations = (
				0A28C8941D8228A900F4E087 /* Debug */,
				0A28C8951D8228A900F4E087 /* Release */,
			);
			defaultConfigurationIsVisible = 0;
		};
		0A28C8961D8228A900F4E087 /* Build configuration list for PBXNativeTarget "caesar-cipherTests" */ = {
			isa = XCConfigurationList;
			buildConfigurations = (
				0A28C8971D8228A900F4E087 /* Debug */,
				0A28C8981D8228A900F4E087 /* Release */,
			);
			defaultConfigurationIsVisible = 0;
		};
		0A28C8991D8228A900F4E087 /* Build configuration list for PBXNativeTarget "caesar-cipherUITests" */ = {
			isa = XCConfigurationList;
			buildConfigurations = (
				0A28C89A1D8228A900F4E087 /* Debug */,
				0A28C89B1D8228A900F4E087 /* Release */,
			);
			defaultConfigurationIsVisible = 0;
		};
/* End XCConfigurationList section */
	};
	rootObject = 0A28C8611D8228A800F4E087 /* Project object */;
}
